
Microsoft Visual Studio Solution File, Format Version 12.00
# Visual Studio Version 17
VisualStudioVersion = 17.3.32825.248
MinimumVisualStudioVersion = 10.0.40219.1
Project("{FAE04EC0-301F-11D3-BF4B-00C04F79EFBC}") = "API_TrelloLike", "API_TrelloLike\API_TrelloLike.csproj", "{44836FDB-8EB4-4066-A6B0-8421AFB25DCA}"
EndProject
Global
	GlobalSection(SolutionConfigurationPlatforms) = preSolution
		Debug|Any CPU = Debug|Any CPU
		Release|Any CPU = Release|Any CPU
	EndGlobalSection
	GlobalSection(ProjectConfigurationPlatforms) = postSolution
		{44836FDB-8EB4-4066-A6B0-8421AFB25DCA}.Debug|Any CPU.ActiveCfg = Debug|Any CPU
		{44836FDB-8EB4-4066-A6B0-8421AFB25DCA}.Debug|Any CPU.Build.0 = Debug|Any CPU
		{44836FDB-8EB4-4066-A6B0-8421AFB25DCA}.Release|Any CPU.ActiveCfg = Release|Any CPU
		{44836FDB-8EB4-4066-A6B0-8421AFB25DCA}.Release|Any CPU.Build.0 = Release|Any CPU
	EndGlobalSection
	GlobalSection(SolutionProperties) = preSolution
		HideSolutionNode = FALSE
	EndGlobalSection
	GlobalSection(ExtensibilityGlobals) = postSolution
		SolutionGuid = {03C8FC79-859C-4BA1-B2A8-64AE0FD308D4}
	EndGlobalSection
EndGlobal
